
Microsoft Visual Studio Solution File, Format Version 12.00
# Visual Studio Version 16
VisualStudioVersion = 16.0.30128.74
MinimumVisualStudioVersion = 10.0.40219.1
Project("{FAE04EC0-301F-11D3-BF4B-00C04F79EFBC}") = "Socket Simulator", "Socket Simulator\Socket Simulator.csproj", "{2D303C5D-DBB1-4399-B83F-C552D381592C}"
EndProject
Project("{FAE04EC0-301F-11D3-BF4B-00C04F79EFBC}") = "LedBulb", "LedBulb\LedBulb.csproj", "{20EE51D0-3021-42DE-BDB7-B8C2C51A2839}"
EndProject
Project("{FAE04EC0-301F-11D3-BF4B-00C04F79EFBC}") = "SocketPiece", "SocketPiece\SocketPiece.csproj", "{66A6FF32-42D2-4FFB-82A7-A71021E21A4A}"
EndProject
Global
	GlobalSection(SolutionConfigurationPlatforms) = preSolution
		Debug|Any CPU = Debug|Any CPU
		Release|Any CPU = Release|Any CPU
	EndGlobalSection
	GlobalSection(ProjectConfigurationPlatforms) = postSolution
		{2D303C5D-DBB1-4399-B83F-C552D381592C}.Debug|Any CPU.ActiveCfg = Debug|Any CPU
		{2D303C5D-DBB1-4399-B83F-C552D381592C}.Debug|Any CPU.Build.0 = Debug|Any CPU
		{2D303C5D-DBB1-4399-B83F-C552D381592C}.Release|Any CPU.ActiveCfg = Release|Any CPU
		{2D303C5D-DBB1-4399-B83F-C552D381592C}.Release|Any CPU.Build.0 = Release|Any CPU
		{20EE51D0-3021-42DE-BDB7-B8C2C51A2839}.Debug|Any CPU.ActiveCfg = Debug|Any CPU
		{20EE51D0-3021-42DE-BDB7-B8C2C51A2839}.Debug|Any CPU.Build.0 = Debug|Any CPU
		{20EE51D0-3021-42DE-BDB7-B8C2C51A2839}.Release|Any CPU.ActiveCfg = Release|Any CPU
		{20EE51D0-3021-42DE-BDB7-B8C2C51A2839}.Release|Any CPU.Build.0 = Release|Any CPU
		{66A6FF32-42D2-4FFB-82A7-A71021E21A4A}.Debug|Any CPU.ActiveCfg = Debug|Any CPU
		{66A6FF32-42D2-4FFB-82A7-A71021E21A4A}.Debug|Any CPU.Build.0 = Debug|Any CPU
		{66A6FF32-42D2-4FFB-82A7-A71021E21A4A}.Release|Any CPU.ActiveCfg = Release|Any CPU
		{66A6FF32-42D2-4FFB-82A7-A71021E21A4A}.Release|Any CPU.Build.0 = Release|Any CPU
	EndGlobalSection
	GlobalSection(SolutionProperties) = preSolution
		HideSolutionNode = FALSE
	EndGlobalSection
	GlobalSection(ExtensibilityGlobals) = postSolution
		SolutionGuid = {0BEFF3C8-7D1F-4DAC-B9EC-F09658C0A931}
	EndGlobalSection
EndGlobal
